
Microsoft Visual Studio Solution File, Format Version 12.00
# Visual Studio Version 16
VisualStudioVersion = 16.0.31729.503
MinimumVisualStudioVersion = 10.0.40219.1
Project("{FAE04EC0-301F-11D3-BF4B-00C04F79EFBC}") = "Hand-in1", "Hand-in1\Hand-in1.csproj", "{FCC40227-3CC0-4DBB-9160-45B5DE9C1620}"
EndProject
Global
	GlobalSection(SolutionConfigurationPlatforms) = preSolution
		Debug|Any CPU = Debug|Any CPU
		Release|Any CPU = Release|Any CPU
	EndGlobalSection
	GlobalSection(ProjectConfigurationPlatforms) = postSolution
		{FCC40227-3CC0-4DBB-9160-45B5DE9C1620}.Debug|Any CPU.ActiveCfg = Debug|Any CPU
		{FCC40227-3CC0-4DBB-9160-45B5DE9C1620}.Debug|Any CPU.Build.0 = Debug|Any CPU
		{FCC40227-3CC0-4DBB-9160-45B5DE9C1620}.Release|Any CPU.ActiveCfg = Release|Any CPU
		{FCC40227-3CC0-4DBB-9160-45B5DE9C1620}.Release|Any CPU.Build.0 = Release|Any CPU
	EndGlobalSection
	GlobalSection(SolutionProperties) = preSolution
		HideSolutionNode = FALSE
	EndGlobalSection
	GlobalSection(ExtensibilityGlobals) = postSolution
		SolutionGuid = {E65904BC-24E2-4BBF-A740-B3D84D7B9D4D}
	EndGlobalSection
EndGlobal
